
Microsoft Visual Studio Solution File, Format Version 12.00
# Visual Studio Version 17
VisualStudioVersion = 17.5.002.0
MinimumVisualStudioVersion = 10.0.40219.1
Project("{9A19103F-16F7-4668-BE54-9A1E7A4F7556}") = "To-Do", "To-Do.csproj", "{2A868788-9CED-429A-9656-EC592B42FEBB}"
EndProject
Global
	GlobalSection(SolutionConfigurationPlatforms) = preSolution
		Debug|Any CPU = Debug|Any CPU
		Release|Any CPU = Release|Any CPU
	EndGlobalSection
	GlobalSection(ProjectConfigurationPlatforms) = postSolution
		{2A868788-9CED-429A-9656-EC592B42FEBB}.Debug|Any CPU.ActiveCfg = Debug|Any CPU
		{2A868788-9CED-429A-9656-EC592B42FEBB}.Debug|Any CPU.Build.0 = Debug|Any CPU
		{2A868788-9CED-429A-9656-EC592B42FEBB}.Release|Any CPU.ActiveCfg = Release|Any CPU
		{2A868788-9CED-429A-9656-EC592B42FEBB}.Release|Any CPU.Build.0 = Release|Any CPU
	EndGlobalSection
	GlobalSection(SolutionProperties) = preSolution
		HideSolutionNode = FALSE
	EndGlobalSection
	GlobalSection(ExtensibilityGlobals) = postSolution
		SolutionGuid = {F7D31CA4-6628-4BDA-B89B-3F8F98D32153}
	EndGlobalSection
EndGlobal
